
Microsoft Visual Studio Solution File, Format Version 12.00
# Visual Studio Version 17
VisualStudioVersion = 17.3.32922.545
MinimumVisualStudioVersion = 10.0.40219.1
Project("{FAE04EC0-301F-11D3-BF4B-00C04F79EFBC}") = "Activity 5", "Activity 5\Activity 5.csproj", "{7FD11006-A390-4EBF-9169-2293BDEEA27B}"
EndProject
Global
	GlobalSection(SolutionConfigurationPlatforms) = preSolution
		Debug|Any CPU = Debug|Any CPU
		Release|Any CPU = Release|Any CPU
	EndGlobalSection
	GlobalSection(ProjectConfigurationPlatforms) = postSolution
		{7FD11006-A390-4EBF-9169-2293BDEEA27B}.Debug|Any CPU.ActiveCfg = Debug|Any CPU
		{7FD11006-A390-4EBF-9169-2293BDEEA27B}.Debug|Any CPU.Build.0 = Debug|Any CPU
		{7FD11006-A390-4EBF-9169-2293BDEEA27B}.Release|Any CPU.ActiveCfg = Release|Any CPU
		{7FD11006-A390-4EBF-9169-2293BDEEA27B}.Release|Any CPU.Build.0 = Release|Any CPU
	EndGlobalSection
	GlobalSection(SolutionProperties) = preSolution
		HideSolutionNode = FALSE
	EndGlobalSection
	GlobalSection(ExtensibilityGlobals) = postSolution
		SolutionGuid = {3E4DE5B7-057A-4F39-B84E-06FD9144AFFB}
	EndGlobalSection
EndGlobal
